
Microsoft Visual Studio Solution File, Format Version 12.00
# Visual Studio Version 17
VisualStudioVersion = 17.3.32819.101
MinimumVisualStudioVersion = 10.0.40219.1
Project("{FAE04EC0-301F-11D3-BF4B-00C04F79EFBC}") = "Zip.Installments.Api", "Zip.Installments.Api.csproj", "{61D680BB-4EB1-4D4A-9EA4-69C241660BA4}"
EndProject
Project("{FAE04EC0-301F-11D3-BF4B-00C04F79EFBC}") = "Zip.Installments.Contracts", "..\Zip.Installments.Contracts\Zip.Installments.Contracts.csproj", "{22D5C13F-416C-4DA1-9AB7-B71716F5039A}"
EndProject
Project("{FAE04EC0-301F-11D3-BF4B-00C04F79EFBC}") = "Zip.Installments.Manager", "..\Zip.Installments.Manager\Zip.Installments.Manager.csproj", "{6F32BCED-3C38-470C-9498-94FB7501EC00}"
EndProject
Project("{FAE04EC0-301F-11D3-BF4B-00C04F79EFBC}") = "Zip.Installments.Data", "..\Zip.Installments.Data\Zip.Installments.Data.csproj", "{23460AAF-C7A2-467F-B136-2C7896A90975}"
EndProject
Project("{FAE04EC0-301F-11D3-BF4B-00C04F79EFBC}") = "Zip.Installments.Test", "..\Zip.Installments.Test\Zip.Installments.Test.csproj", "{CBF8DDB2-B5BC-4130-8D7F-AD3DA9D06CD3}"
EndProject
Global
	GlobalSection(SolutionConfigurationPlatforms) = preSolution
		Debug|Any CPU = Debug|Any CPU
		Release|Any CPU = Release|Any CPU
	EndGlobalSection
	GlobalSection(ProjectConfigurationPlatforms) = postSolution
		{61D680BB-4EB1-4D4A-9EA4-69C241660BA4}.Debug|Any CPU.ActiveCfg = Debug|Any CPU
		{61D680BB-4EB1-4D4A-9EA4-69C241660BA4}.Debug|Any CPU.Build.0 = Debug|Any CPU
		{61D680BB-4EB1-4D4A-9EA4-69C241660BA4}.Release|Any CPU.ActiveCfg = Release|Any CPU
		{61D680BB-4EB1-4D4A-9EA4-69C241660BA4}.Release|Any CPU.Build.0 = Release|Any CPU
		{22D5C13F-416C-4DA1-9AB7-B71716F5039A}.Debug|Any CPU.ActiveCfg = Debug|Any CPU
		{22D5C13F-416C-4DA1-9AB7-B71716F5039A}.Debug|Any CPU.Build.0 = Debug|Any CPU
		{22D5C13F-416C-4DA1-9AB7-B71716F5039A}.Release|Any CPU.ActiveCfg = Release|Any CPU
		{22D5C13F-416C-4DA1-9AB7-B71716F5039A}.Release|Any CPU.Build.0 = Release|Any CPU
		{6F32BCED-3C38-470C-9498-94FB7501EC00}.Debug|Any CPU.ActiveCfg = Debug|Any CPU
		{6F32BCED-3C38-470C-9498-94FB7501EC00}.Debug|Any CPU.Build.0 = Debug|Any CPU
		{6F32BCED-3C38-470C-9498-94FB7501EC00}.Release|Any CPU.ActiveCfg = Release|Any CPU
		{6F32BCED-3C38-470C-9498-94FB7501EC00}.Release|Any CPU.Build.0 = Release|Any CPU
		{23460AAF-C7A2-467F-B136-2C7896A90975}.Debug|Any CPU.ActiveCfg = Debug|Any CPU
		{23460AAF-C7A2-467F-B136-2C7896A90975}.Debug|Any CPU.Build.0 = Debug|Any CPU
		{23460AAF-C7A2-467F-B136-2C7896A90975}.Release|Any CPU.ActiveCfg = Release|Any CPU
		{23460AAF-C7A2-467F-B136-2C7896A90975}.Release|Any CPU.Build.0 = Release|Any CPU
		{CBF8DDB2-B5BC-4130-8D7F-AD3DA9D06CD3}.Debug|Any CPU.ActiveCfg = Debug|Any CPU
		{CBF8DDB2-B5BC-4130-8D7F-AD3DA9D06CD3}.Debug|Any CPU.Build.0 = Debug|Any CPU
		{CBF8DDB2-B5BC-4130-8D7F-AD3DA9D06CD3}.Release|Any CPU.ActiveCfg = Release|Any CPU
		{CBF8DDB2-B5BC-4130-8D7F-AD3DA9D06CD3}.Release|Any CPU.Build.0 = Release|Any CPU
	EndGlobalSection
	GlobalSection(SolutionProperties) = preSolution
		HideSolutionNode = FALSE
	EndGlobalSection
	GlobalSection(ExtensibilityGlobals) = postSolution
		SolutionGuid = {45A94A6C-E4EC-498C-A6E8-649C16D1EB15}
	EndGlobalSection
EndGlobal
